// !$*UTF8*$!
{
	archiveVersion = 1;
	classes = {
	};
	objectVersion = 56;
	objects = {

/* Begin PBXBuildFile section */
		E46F5C752B88B97500AA5F40 /* AppDelegate.swift in Sources */ = {isa = PBXBuildFile; fileRef = E46F5C742B88B97500AA5F40 /* AppDelegate.swift */; };
		E46F5C772B88B97500AA5F40 /* SceneDelegate.swift in Sources */ = {isa = PBXBuildFile; fileRef = E46F5C762B88B97500AA5F40 /* SceneDelegate.swift */; };
		E46F5C792B88B97500AA5F40 /* ViewController.swift in Sources */ = {isa = PBXBuildFile; fileRef = E46F5C782B88B97500AA5F40 /* ViewController.swift */; };
		E46F5C7E2B88B97600AA5F40 /* Assets.xcassets in Resources */ = {isa = PBXBuildFile; fileRef = E46F5C7D2B88B97600AA5F40 /* Assets.xcassets */; };
		E46F5C812B88B97600AA5F40 /* LaunchScreen.storyboard in Resources */ = {isa = PBXBuildFile; fileRef = E46F5C7F2B88B97600AA5F40 /* LaunchScreen.storyboard */; };
		E46F5C8C2B88BC2300AA5F40 /* StartRouter.swift in Sources */ = {isa = PBXBuildFile; fileRef = E46F5C8B2B88BC2300AA5F40 /* StartRouter.swift */; };
		E46F5C942B88C47100AA5F40 /* StartPresenter.swift in Sources */ = {isa = PBXBuildFile; fileRef = E46F5C932B88C47100AA5F40 /* StartPresenter.swift */; };
		E46F5C972B88C4D100AA5F40 /* StartInteractor.swift in Sources */ = {isa = PBXBuildFile; fileRef = E46F5C962B88C4D100AA5F40 /* StartInteractor.swift */; };
		E46F5C9A2B88D33700AA5F40 /* NetworkService.swift in Sources */ = {isa = PBXBuildFile; fileRef = E46F5C992B88D33700AA5F40 /* NetworkService.swift */; };
		E46F5C9D2B88D38300AA5F40 /* Alamofire in Frameworks */ = {isa = PBXBuildFile; productRef = E46F5C9C2B88D38300AA5F40 /* Alamofire */; };
		E46F5CA82B8A685E00AA5F40 /* StartViewController.swift in Sources */ = {isa = PBXBuildFile; fileRef = E46F5CA62B8A685E00AA5F40 /* StartViewController.swift */; };
		E46F5CA92B8A685E00AA5F40 /* StartViewController.xib in Resources */ = {isa = PBXBuildFile; fileRef = E46F5CA72B8A685E00AA5F40 /* StartViewController.xib */; };
		E46F5CB12B8A69AC00AA5F40 /* ListRouter.swift in Sources */ = {isa = PBXBuildFile; fileRef = E46F5CB02B8A69AC00AA5F40 /* ListRouter.swift */; };
		E46F5CB42B8A6A2B00AA5F40 /* ListViewController.swift in Sources */ = {isa = PBXBuildFile; fileRef = E46F5CB22B8A6A2B00AA5F40 /* ListViewController.swift */; };
		E46F5CB52B8A6A2B00AA5F40 /* ListViewController.xib in Resources */ = {isa = PBXBuildFile; fileRef = E46F5CB32B8A6A2B00AA5F40 /* ListViewController.xib */; };
		E46F5CB72B8A700400AA5F40 /* ListInteractor.swift in Sources */ = {isa = PBXBuildFile; fileRef = E46F5CB62B8A700400AA5F40 /* ListInteractor.swift */; };
		E46F5CB92B8A705400AA5F40 /* ListResponse.swift in Sources */ = {isa = PBXBuildFile; fileRef = E46F5CB82B8A705400AA5F40 /* ListResponse.swift */; };
		E46F5CBB2B8A708A00AA5F40 /* ListPresenter.swift in Sources */ = {isa = PBXBuildFile; fileRef = E46F5CBA2B8A708A00AA5F40 /* ListPresenter.swift */; };
		E46F5CBF2B8A744300AA5F40 /* ListViewController+CollectionViewDelegate.swift in Sources */ = {isa = PBXBuildFile; fileRef = E46F5CBE2B8A744300AA5F40 /* ListViewController+CollectionViewDelegate.swift */; };
		E46F5CC12B8A747900AA5F40 /* ListViewController+TableViewDelegate.swift in Sources */ = {isa = PBXBuildFile; fileRef = E46F5CC02B8A747900AA5F40 /* ListViewController+TableViewDelegate.swift */; };
		E46F5CC32B8A74D300AA5F40 /* ListViewController+SearchBar.swift in Sources */ = {isa = PBXBuildFile; fileRef = E46F5CC22B8A74D300AA5F40 /* ListViewController+SearchBar.swift */; };
		E46F5CCB2B8A7F4C00AA5F40 /* LoadingView.swift in Sources */ = {isa = PBXBuildFile; fileRef = E46F5CCA2B8A7F4C00AA5F40 /* LoadingView.swift */; };
		E46F5CD12B8A7FE700AA5F40 /* UIApplication+.swift in Sources */ = {isa = PBXBuildFile; fileRef = E46F5CD02B8A7FE700AA5F40 /* UIApplication+.swift */; };
		E46F5CD32B8B292100AA5F40 /* StartPresenter+StartPresenterDelegateProtocol.swift in Sources */ = {isa = PBXBuildFile; fileRef = E46F5CD22B8B292100AA5F40 /* StartPresenter+StartPresenterDelegateProtocol.swift */; };
		E46F5CD52B8B2EEF00AA5F40 /* ListPresenter+ListPresenterDelegateProtocol.swift in Sources */ = {isa = PBXBuildFile; fileRef = E46F5CD42B8B2EEF00AA5F40 /* ListPresenter+ListPresenterDelegateProtocol.swift */; };
		E46F5CD92B8B3F1300AA5F40 /* MovieService.swift in Sources */ = {isa = PBXBuildFile; fileRef = E46F5CD82B8B3F1300AA5F40 /* MovieService.swift */; };
		E46F5CDB2B8B404800AA5F40 /* NetworkApiMethods.swift in Sources */ = {isa = PBXBuildFile; fileRef = E46F5CDA2B8B404800AA5F40 /* NetworkApiMethods.swift */; };
		E46F5CDF2B8B468000AA5F40 /* Access.swift in Sources */ = {isa = PBXBuildFile; fileRef = E46F5CDE2B8B468000AA5F40 /* Access.swift */; };
		E46F5CED2B8B5C7B00AA5F40 /* SDWebImage in Frameworks */ = {isa = PBXBuildFile; productRef = E46F5CEC2B8B5C7B00AA5F40 /* SDWebImage */; };
		E46F5CEF2B8B5C7B00AA5F40 /* SDWebImageMapKit in Frameworks */ = {isa = PBXBuildFile; productRef = E46F5CEE2B8B5C7B00AA5F40 /* SDWebImageMapKit */; };
		E46F5CF12B8B5CFB00AA5F40 /* MovieListTableViewCellPresenter.swift in Sources */ = {isa = PBXBuildFile; fileRef = E46F5CF02B8B5CFB00AA5F40 /* MovieListTableViewCellPresenter.swift */; };
		E46F5CF32B8B5DEC00AA5F40 /* String+.swift in Sources */ = {isa = PBXBuildFile; fileRef = E46F5CF22B8B5DEC00AA5F40 /* String+.swift */; };
		E46F5CF72B8B6F7400AA5F40 /* MovieListTableViewCell.xib in Resources */ = {isa = PBXBuildFile; fileRef = E46F5CF52B8B6F7400AA5F40 /* MovieListTableViewCell.xib */; };
		E46F5CFD2B8B76EC00AA5F40 /* UITableView+.swift in Sources */ = {isa = PBXBuildFile; fileRef = E46F5CFC2B8B76EC00AA5F40 /* UITableView+.swift */; };
		E46F5CFF2B8C879C00AA5F40 /* MovieListTableViewCell.swift in Sources */ = {isa = PBXBuildFile; fileRef = E46F5CFE2B8C879C00AA5F40 /* MovieListTableViewCell.swift */; };
		E46F5D032B8C8FD900AA5F40 /* MovieBannerCollectionViewCell.swift in Sources */ = {isa = PBXBuildFile; fileRef = E46F5D012B8C8FD900AA5F40 /* MovieBannerCollectionViewCell.swift */; };
		E46F5D042B8C8FD900AA5F40 /* MovieBannerCollectionViewCell.xib in Resources */ = {isa = PBXBuildFile; fileRef = E46F5D022B8C8FD900AA5F40 /* MovieBannerCollectionViewCell.xib */; };
		E46F5D062B8C8FFA00AA5F40 /* MovieBannerCollectionViewCellPresenter.swift in Sources */ = {isa = PBXBuildFile; fileRef = E46F5D052B8C8FFA00AA5F40 /* MovieBannerCollectionViewCellPresenter.swift */; };
		E46F5D082B8C939E00AA5F40 /* UICollectionView+.swift in Sources */ = {isa = PBXBuildFile; fileRef = E46F5D072B8C939E00AA5F40 /* UICollectionView+.swift */; };
		E46F5D0A2B8CDE5D00AA5F40 /* ListViewController+AccessibilityIdentifiers.swift in Sources */ = {isa = PBXBuildFile; fileRef = E46F5D092B8CDE5D00AA5F40 /* ListViewController+AccessibilityIdentifiers.swift */; };
		E46F5D162B8D134700AA5F40 /* Keys.plist in Resources */ = {isa = PBXBuildFile; fileRef = E46F5D152B8D134700AA5F40 /* Keys.plist */; };
		E46F5D192B8DCE7800AA5F40 /* MovieDetailViewController.swift in Sources */ = {isa = PBXBuildFile; fileRef = E46F5D172B8DCE7800AA5F40 /* MovieDetailViewController.swift */; };
		E46F5D1A2B8DCE7800AA5F40 /* MovieDetailViewController.xib in Resources */ = {isa = PBXBuildFile; fileRef = E46F5D182B8DCE7800AA5F40 /* MovieDetailViewController.xib */; };
		E46F5D1C2B8DCEB400AA5F40 /* MovieDetailPresenter.swift in Sources */ = {isa = PBXBuildFile; fileRef = E46F5D1B2B8DCEB400AA5F40 /* MovieDetailPresenter.swift */; };
		E46F5D1E2B8DCED500AA5F40 /* MovieDetailInteractor.swift in Sources */ = {isa = PBXBuildFile; fileRef = E46F5D1D2B8DCED500AA5F40 /* MovieDetailInteractor.swift */; };
		E46F5D202B8DCEF800AA5F40 /* MovieDetailResponse.swift in Sources */ = {isa = PBXBuildFile; fileRef = E46F5D1F2B8DCEF800AA5F40 /* MovieDetailResponse.swift */; };
		E46F5D222B8DCF1000AA5F40 /* SimilarMovieResponse.swift in Sources */ = {isa = PBXBuildFile; fileRef = E46F5D212B8DCF1000AA5F40 /* SimilarMovieResponse.swift */; };
		E46F5D242B8DCF3900AA5F40 /* MovieDetailRouter.swift in Sources */ = {isa = PBXBuildFile; fileRef = E46F5D232B8DCF3900AA5F40 /* MovieDetailRouter.swift */; };
		E46F5D262B8DD17E00AA5F40 /* MovieDetailViewController+AccessibilityIdentifiers.swift in Sources */ = {isa = PBXBuildFile; fileRef = E46F5D252B8DD17E00AA5F40 /* MovieDetailViewController+AccessibilityIdentifiers.swift */; };
		E46F5D282B8DD1EB00AA5F40 /* MovieDetailViewController+CollectionViewDelegate.swift in Sources */ = {isa = PBXBuildFile; fileRef = E46F5D272B8DD1EB00AA5F40 /* MovieDetailViewController+CollectionViewDelegate.swift */; };
		E46F5D2D2B8DD2FA00AA5F40 /* SimilarMovieCollectionViewCellPresenter.swift in Sources */ = {isa = PBXBuildFile; fileRef = E46F5D2C2B8DD2FA00AA5F40 /* SimilarMovieCollectionViewCellPresenter.swift */; };
		E46F5D302B8DD35A00AA5F40 /* SimilarMovieCollectionViewCell.swift in Sources */ = {isa = PBXBuildFile; fileRef = E46F5D2E2B8DD35A00AA5F40 /* SimilarMovieCollectionViewCell.swift */; };
		E46F5D312B8DD35A00AA5F40 /* SimilarMovieCollectionViewCell.xib in Resources */ = {isa = PBXBuildFile; fileRef = E46F5D2F2B8DD35A00AA5F40 /* SimilarMovieCollectionViewCell.xib */; };
		E46F5D332B8DDB1000AA5F40 /* MovieDetailPresenter+MovieDetailPresenterDelegateProtocol.swift in Sources */ = {isa = PBXBuildFile; fileRef = E46F5D322B8DDB1000AA5F40 /* MovieDetailPresenter+MovieDetailPresenterDelegateProtocol.swift */; };
		E46F5D3B2B8FAF3400AA5F40 /* SearchRouter.swift in Sources */ = {isa = PBXBuildFile; fileRef = E46F5D3A2B8FAF3400AA5F40 /* SearchRouter.swift */; };
		E46F5D3D2B8FAF7400AA5F40 /* SearchPresenter.swift in Sources */ = {isa = PBXBuildFile; fileRef = E46F5D3C2B8FAF7400AA5F40 /* SearchPresenter.swift */; };
		E46F5D3F2B8FAF9900AA5F40 /* SearchInteractor.swift in Sources */ = {isa = PBXBuildFile; fileRef = E46F5D3E2B8FAF9900AA5F40 /* SearchInteractor.swift */; };
		E46F5D412B8FAFBD00AA5F40 /* SearchResponse.swift in Sources */ = {isa = PBXBuildFile; fileRef = E46F5D402B8FAFBD00AA5F40 /* SearchResponse.swift */; };
		E46F5D442B8FAFE600AA5F40 /* SearchViewController.swift in Sources */ = {isa = PBXBuildFile; fileRef = E46F5D422B8FAFE600AA5F40 /* SearchViewController.swift */; };
		E46F5D452B8FAFE600AA5F40 /* SearchViewController.xib in Resources */ = {isa = PBXBuildFile; fileRef = E46F5D432B8FAFE600AA5F40 /* SearchViewController.xib */; };
		E46F5D492B8FB02400AA5F40 /* SearchTableViewCell.swift in Sources */ = {isa = PBXBuildFile; fileRef = E46F5D472B8FB02400AA5F40 /* SearchTableViewCell.swift */; };
		E46F5D4A2B8FB02400AA5F40 /* SearchTableViewCell.xib in Resources */ = {isa = PBXBuildFile; fileRef = E46F5D482B8FB02400AA5F40 /* SearchTableViewCell.xib */; };
		E46F5D4C2B8FB03D00AA5F40 /* SearchTableViewCellPresenter.swift in Sources */ = {isa = PBXBuildFile; fileRef = E46F5D4B2B8FB03D00AA5F40 /* SearchTableViewCellPresenter.swift */; };
		E46F5D4E2B8FB0CA00AA5F40 /* SearchTableViewCell+AccessabilityIdentifiers.swift in Sources */ = {isa = PBXBuildFile; fileRef = E46F5D4D2B8FB0CA00AA5F40 /* SearchTableViewCell+AccessabilityIdentifiers.swift */; };
		E46F5D502B8FB91200AA5F40 /* SearchViewController+AccessibilityIdentifiers.swift in Sources */ = {isa = PBXBuildFile; fileRef = E46F5D4F2B8FB91200AA5F40 /* SearchViewController+AccessibilityIdentifiers.swift */; };
		E46F5D522B8FBE0100AA5F40 /* SearchViewController+TableViewDelegate.swift in Sources */ = {isa = PBXBuildFile; fileRef = E46F5D512B8FBE0100AA5F40 /* SearchViewController+TableViewDelegate.swift */; };
/* End PBXBuildFile section */

/* Begin PBXFileReference section */
		E46F5C712B88B97500AA5F40 /* Cinepedia24.app */ = {isa = PBXFileReference; explicitFileType = wrapper.application; includeInIndex = 0; path = Cinepedia24.app; sourceTree = BUILT_PRODUCTS_DIR; };
		E46F5C742B88B97500AA5F40 /* AppDelegate.swift */ = {isa = PBXFileReference; lastKnownFileType = sourcecode.swift; path = AppDelegate.swift; sourceTree = "<group>"; };
		E46F5C762B88B97500AA5F40 /* SceneDelegate.swift */ = {isa = PBXFileReference; lastKnownFileType = sourcecode.swift; path = SceneDelegate.swift; sourceTree = "<group>"; };
		E46F5C782B88B97500AA5F40 /* ViewController.swift */ = {isa = PBXFileReference; lastKnownFileType = sourcecode.swift; path = ViewController.swift; sourceTree = "<group>"; };
		E46F5C7D2B88B97600AA5F40 /* Assets.xcassets */ = {isa = PBXFileReference; lastKnownFileType = folder.assetcatalog; path = Assets.xcassets; sourceTree = "<group>"; };
		E46F5C802B88B97600AA5F40 /* Base */ = {isa = PBXFileReference; lastKnownFileType = file.storyboard; name = Base; path = Base.lproj/LaunchScreen.storyboard; sourceTree = "<group>"; };
		E46F5C822B88B97600AA5F40 /* Info.plist */ = {isa = PBXFileReference; lastKnownFileType = text.plist.xml; path = Info.plist; sourceTree = "<group>"; };
		E46F5C8B2B88BC2300AA5F40 /* StartRouter.swift */ = {isa = PBXFileReference; lastKnownFileType = sourcecode.swift; path = StartRouter.swift; sourceTree = "<group>"; };
		E46F5C932B88C47100AA5F40 /* StartPresenter.swift */ = {isa = PBXFileReference; lastKnownFileType = sourcecode.swift; path = StartPresenter.swift; sourceTree = "<group>"; };
		E46F5C962B88C4D100AA5F40 /* StartInteractor.swift */ = {isa = PBXFileReference; lastKnownFileType = sourcecode.swift; path = StartInteractor.swift; sourceTree = "<group>"; };
		E46F5C992B88D33700AA5F40 /* NetworkService.swift */ = {isa = PBXFileReference; lastKnownFileType = sourcecode.swift; path = NetworkService.swift; sourceTree = "<group>"; };
		E46F5CA62B8A685E00AA5F40 /* StartViewController.swift */ = {isa = PBXFileReference; lastKnownFileType = sourcecode.swift; path = StartViewController.swift; sourceTree = "<group>"; };
		E46F5CA72B8A685E00AA5F40 /* StartViewController.xib */ = {isa = PBXFileReference; lastKnownFileType = file.xib; path = StartViewController.xib; sourceTree = "<group>"; };
		E46F5CB02B8A69AC00AA5F40 /* ListRouter.swift */ = {isa = PBXFileReference; lastKnownFileType = sourcecode.swift; path = ListRouter.swift; sourceTree = "<group>"; };
		E46F5CB22B8A6A2B00AA5F40 /* ListViewController.swift */ = {isa = PBXFileReference; lastKnownFileType = sourcecode.swift; path = ListViewController.swift; sourceTree = "<group>"; };
		E46F5CB32B8A6A2B00AA5F40 /* ListViewController.xib */ = {isa = PBXFileReference; lastKnownFileType = file.xib; path = ListViewController.xib; sourceTree = "<group>"; };
		E46F5CB62B8A700400AA5F40 /* ListInteractor.swift */ = {isa = PBXFileReference; lastKnownFileType = sourcecode.swift; path = ListInteractor.swift; sourceTree = "<group>"; };
		E46F5CB82B8A705400AA5F40 /* ListResponse.swift */ = {isa = PBXFileReference; lastKnownFileType = sourcecode.swift; path = ListResponse.swift; sourceTree = "<group>"; };
		E46F5CBA2B8A708A00AA5F40 /* ListPresenter.swift */ = {isa = PBXFileReference; lastKnownFileType = sourcecode.swift; path = ListPresenter.swift; sourceTree = "<group>"; };
		E46F5CBE2B8A744300AA5F40 /* ListViewController+CollectionViewDelegate.swift */ = {isa = PBXFileReference; lastKnownFileType = sourcecode.swift; path = "ListViewController+CollectionViewDelegate.swift"; sourceTree = "<group>"; };
		E46F5CC02B8A747900AA5F40 /* ListViewController+TableViewDelegate.swift */ = {isa = PBXFileReference; lastKnownFileType = sourcecode.swift; path = "ListViewController+TableViewDelegate.swift"; sourceTree = "<group>"; };
		E46F5CC22B8A74D300AA5F40 /* ListViewController+SearchBar.swift */ = {isa = PBXFileReference; lastKnownFileType = sourcecode.swift; path = "ListViewController+SearchBar.swift"; sourceTree = "<group>"; };
		E46F5CC92B8A7F2D00AA5F40 /* WorkItem.swift */ = {isa = PBXFileReference; lastKnownFileType = sourcecode.swift; path = WorkItem.swift; sourceTree = "<group>"; };
		E46F5CCA2B8A7F4C00AA5F40 /* LoadingView.swift */ = {isa = PBXFileReference; lastKnownFileType = sourcecode.swift; path = LoadingView.swift; sourceTree = "<group>"; };
		E46F5CD02B8A7FE700AA5F40 /* UIApplication+.swift */ = {isa = PBXFileReference; lastKnownFileType = sourcecode.swift; path = "UIApplication+.swift"; sourceTree = "<group>"; };
		E46F5CD22B8B292100AA5F40 /* StartPresenter+StartPresenterDelegateProtocol.swift */ = {isa = PBXFileReference; lastKnownFileType = sourcecode.swift; path = "StartPresenter+StartPresenterDelegateProtocol.swift"; sourceTree = "<group>"; };
		E46F5CD42B8B2EEF00AA5F40 /* ListPresenter+ListPresenterDelegateProtocol.swift */ = {isa = PBXFileReference; lastKnownFileType = sourcecode.swift; path = "ListPresenter+ListPresenterDelegateProtocol.swift"; sourceTree = "<group>"; };
		E46F5CD82B8B3F1300AA5F40 /* MovieService.swift */ = {isa = PBXFileReference; lastKnownFileType = sourcecode.swift; path = MovieService.swift; sourceTree = "<group>"; };
		E46F5CDA2B8B404800AA5F40 /* NetworkApiMethods.swift */ = {isa = PBXFileReference; lastKnownFileType = sourcecode.swift; path = NetworkApiMethods.swift; sourceTree = "<group>"; };
		E46F5CDE2B8B468000AA5F40 /* Access.swift */ = {isa = PBXFileReference; lastKnownFileType = sourcecode.swift; path = Access.swift; sourceTree = "<group>"; };
		E46F5CF02B8B5CFB00AA5F40 /* MovieListTableViewCellPresenter.swift */ = {isa = PBXFileReference; lastKnownFileType = sourcecode.swift; path = MovieListTableViewCellPresenter.swift; sourceTree = "<group>"; };
		E46F5CF22B8B5DEC00AA5F40 /* String+.swift */ = {isa = PBXFileReference; lastKnownFileType = sourcecode.swift; path = "String+.swift"; sourceTree = "<group>"; };
		E46F5CF52B8B6F7400AA5F40 /* MovieListTableViewCell.xib */ = {isa = PBXFileReference; lastKnownFileType = file.xib; path = MovieListTableViewCell.xib; sourceTree = "<group>"; };
		E46F5CFC2B8B76EC00AA5F40 /* UITableView+.swift */ = {isa = PBXFileReference; lastKnownFileType = sourcecode.swift; path = "UITableView+.swift"; sourceTree = "<group>"; };
		E46F5CFE2B8C879C00AA5F40 /* MovieListTableViewCell.swift */ = {isa = PBXFileReference; lastKnownFileType = sourcecode.swift; path = MovieListTableViewCell.swift; sourceTree = "<group>"; };
		E46F5D012B8C8FD900AA5F40 /* MovieBannerCollectionViewCell.swift */ = {isa = PBXFileReference; lastKnownFileType = sourcecode.swift; path = MovieBannerCollectionViewCell.swift; sourceTree = "<group>"; };
		E46F5D022B8C8FD900AA5F40 /* MovieBannerCollectionViewCell.xib */ = {isa = PBXFileReference; lastKnownFileType = file.xib; path = MovieBannerCollectionViewCell.xib; sourceTree = "<group>"; };
		E46F5D052B8C8FFA00AA5F40 /* MovieBannerCollectionViewCellPresenter.swift */ = {isa = PBXFileReference; lastKnownFileType = sourcecode.swift; path = MovieBannerCollectionViewCellPresenter.swift; sourceTree = "<group>"; };
		E46F5D072B8C939E00AA5F40 /* UICollectionView+.swift */ = {isa = PBXFileReference; lastKnownFileType = sourcecode.swift; path = "UICollectionView+.swift"; sourceTree = "<group>"; };
		E46F5D092B8CDE5D00AA5F40 /* ListViewController+AccessibilityIdentifiers.swift */ = {isa = PBXFileReference; lastKnownFileType = sourcecode.swift; path = "ListViewController+AccessibilityIdentifiers.swift"; sourceTree = "<group>"; };
		E46F5D152B8D134700AA5F40 /* Keys.plist */ = {isa = PBXFileReference; lastKnownFileType = text.plist.xml; path = Keys.plist; sourceTree = "<group>"; };
		E46F5D172B8DCE7800AA5F40 /* MovieDetailViewController.swift */ = {isa = PBXFileReference; lastKnownFileType = sourcecode.swift; path = MovieDetailViewController.swift; sourceTree = "<group>"; };
		E46F5D182B8DCE7800AA5F40 /* MovieDetailViewController.xib */ = {isa = PBXFileReference; lastKnownFileType = file.xib; path = MovieDetailViewController.xib; sourceTree = "<group>"; };
		E46F5D1B2B8DCEB400AA5F40 /* MovieDetailPresenter.swift */ = {isa = PBXFileReference; lastKnownFileType = sourcecode.swift; path = MovieDetailPresenter.swift; sourceTree = "<group>"; };
		E46F5D1D2B8DCED500AA5F40 /* MovieDetailInteractor.swift */ = {isa = PBXFileReference; lastKnownFileType = sourcecode.swift; path = MovieDetailInteractor.swift; sourceTree = "<group>"; };
		E46F5D1F2B8DCEF800AA5F40 /* MovieDetailResponse.swift */ = {isa = PBXFileReference; lastKnownFileType = sourcecode.swift; path = MovieDetailResponse.swift; sourceTree = "<group>"; };
		E46F5D212B8DCF1000AA5F40 /* SimilarMovieResponse.swift */ = {isa = PBXFileReference; lastKnownFileType = sourcecode.swift; path = SimilarMovieResponse.swift; sourceTree = "<group>"; };
		E46F5D232B8DCF3900AA5F40 /* MovieDetailRouter.swift */ = {isa = PBXFileReference; lastKnownFileType = sourcecode.swift; path = MovieDetailRouter.swift; sourceTree = "<group>"; };
		E46F5D252B8DD17E00AA5F40 /* MovieDetailViewController+AccessibilityIdentifiers.swift */ = {isa = PBXFileReference; lastKnownFileType = sourcecode.swift; path = "MovieDetailViewController+AccessibilityIdentifiers.swift"; sourceTree = "<group>"; };
		E46F5D272B8DD1EB00AA5F40 /* MovieDetailViewController+CollectionViewDelegate.swift */ = {isa = PBXFileReference; lastKnownFileType = sourcecode.swift; path = "MovieDetailViewController+CollectionViewDelegate.swift"; sourceTree = "<group>"; };
		E46F5D2C2B8DD2FA00AA5F40 /* SimilarMovieCollectionViewCellPresenter.swift */ = {isa = PBXFileReference; lastKnownFileType = sourcecode.swift; path = SimilarMovieCollectionViewCellPresenter.swift; sourceTree = "<group>"; };
		E46F5D2E2B8DD35A00AA5F40 /* SimilarMovieCollectionViewCell.swift */ = {isa = PBXFileReference; lastKnownFileType = sourcecode.swift; path = SimilarMovieCollectionViewCell.swift; sourceTree = "<group>"; };
		E46F5D2F2B8DD35A00AA5F40 /* SimilarMovieCollectionViewCell.xib */ = {isa = PBXFileReference; lastKnownFileType = file.xib; path = SimilarMovieCollectionViewCell.xib; sourceTree = "<group>"; };
		E46F5D322B8DDB1000AA5F40 /* MovieDetailPresenter+MovieDetailPresenterDelegateProtocol.swift */ = {isa = PBXFileReference; lastKnownFileType = sourcecode.swift; path = "MovieDetailPresenter+MovieDetailPresenterDelegateProtocol.swift"; sourceTree = "<group>"; };
		E46F5D3A2B8FAF3400AA5F40 /* SearchRouter.swift */ = {isa = PBXFileReference; lastKnownFileType = sourcecode.swift; path = SearchRouter.swift; sourceTree = "<group>"; };
		E46F5D3C2B8FAF7400AA5F40 /* SearchPresenter.swift */ = {isa = PBXFileReference; lastKnownFileType = sourcecode.swift; path = SearchPresenter.swift; sourceTree = "<group>"; };
		E46F5D3E2B8FAF9900AA5F40 /* SearchInteractor.swift */ = {isa = PBXFileReference; lastKnownFileType = sourcecode.swift; path = SearchInteractor.swift; sourceTree = "<group>"; };
		E46F5D402B8FAFBD00AA5F40 /* SearchResponse.swift */ = {isa = PBXFileReference; lastKnownFileType = sourcecode.swift; path = SearchResponse.swift; sourceTree = "<group>"; };
		E46F5D422B8FAFE600AA5F40 /* SearchViewController.swift */ = {isa = PBXFileReference; lastKnownFileType = sourcecode.swift; path = SearchViewController.swift; sourceTree = "<group>"; };
		E46F5D432B8FAFE600AA5F40 /* SearchViewController.xib */ = {isa = PBXFileReference; lastKnownFileType = file.xib; path = SearchViewController.xib; sourceTree = "<group>"; };
		E46F5D472B8FB02400AA5F40 /* SearchTableViewCell.swift */ = {isa = PBXFileReference; lastKnownFileType = sourcecode.swift; path = SearchTableViewCell.swift; sourceTree = "<group>"; };
		E46F5D482B8FB02400AA5F40 /* SearchTableViewCell.xib */ = {isa = PBXFileReference; lastKnownFileType = file.xib; path = SearchTableViewCell.xib; sourceTree = "<group>"; };
		E46F5D4B2B8FB03D00AA5F40 /* SearchTableViewCellPresenter.swift */ = {isa = PBXFileReference; lastKnownFileType = sourcecode.swift; path = SearchTableViewCellPresenter.swift; sourceTree = "<group>"; };
		E46F5D4D2B8FB0CA00AA5F40 /* SearchTableViewCell+AccessabilityIdentifiers.swift */ = {isa = PBXFileReference; lastKnownFileType = sourcecode.swift; path = "SearchTableViewCell+AccessabilityIdentifiers.swift"; sourceTree = "<group>"; };
		E46F5D4F2B8FB91200AA5F40 /* SearchViewController+AccessibilityIdentifiers.swift */ = {isa = PBXFileReference; lastKnownFileType = sourcecode.swift; path = "SearchViewController+AccessibilityIdentifiers.swift"; sourceTree = "<group>"; };
		E46F5D512B8FBE0100AA5F40 /* SearchViewController+TableViewDelegate.swift */ = {isa = PBXFileReference; lastKnownFileType = sourcecode.swift; path = "SearchViewController+TableViewDelegate.swift"; sourceTree = "<group>"; };
/* End PBXFileReference section */

/* Begin PBXFrameworksBuildPhase section */
		E46F5C6E2B88B97500AA5F40 /* Frameworks */ = {
			isa = PBXFrameworksBuildPhase;
			buildActionMask = 2147483647;
			files = (
				E46F5CED2B8B5C7B00AA5F40 /* SDWebImage in Frameworks */,
				E46F5CEF2B8B5C7B00AA5F40 /* SDWebImageMapKit in Frameworks */,
				E46F5C9D2B88D38300AA5F40 /* Alamofire in Frameworks */,
			);
			runOnlyForDeploymentPostprocessing = 0;
		};
/* End PBXFrameworksBuildPhase section */

/* Begin PBXGroup section */
		E46F5C682B88B97500AA5F40 = {
			isa = PBXGroup;
			children = (
				E46F5C732B88B97500AA5F40 /* Cinepedia24 */,
				E46F5C722B88B97500AA5F40 /* Products */,
			);
			sourceTree = "<group>";
		};
		E46F5C722B88B97500AA5F40 /* Products */ = {
			isa = PBXGroup;
			children = (
				E46F5C712B88B97500AA5F40 /* Cinepedia24.app */,
			);
			name = Products;
			sourceTree = "<group>";
		};
		E46F5C732B88B97500AA5F40 /* Cinepedia24 */ = {
			isa = PBXGroup;
			children = (
				E46F5CCF2B8A7FD900AA5F40 /* Extensions */,
				E46F5CC52B8A7A6F00AA5F40 /* Resources */,
				E46F5C982B88D32A00AA5F40 /* Services */,
				E46F5C882B88BBF600AA5F40 /* Module */,
				E46F5C742B88B97500AA5F40 /* AppDelegate.swift */,
				E46F5C762B88B97500AA5F40 /* SceneDelegate.swift */,
				E46F5C782B88B97500AA5F40 /* ViewController.swift */,
				E46F5C7D2B88B97600AA5F40 /* Assets.xcassets */,
				E46F5C7F2B88B97600AA5F40 /* LaunchScreen.storyboard */,
				E46F5C822B88B97600AA5F40 /* Info.plist */,
			);
			path = Cinepedia24;
			sourceTree = "<group>";
		};
		E46F5C882B88BBF600AA5F40 /* Module */ = {
			isa = PBXGroup;
			children = (
				E46F5C892B88BBFC00AA5F40 /* StartModule */,
				E46F5CAA2B8A693400AA5F40 /* ListModule */,
				E46F5D0F2B8D046400AA5F40 /* MovieDetailModule */,
				E46F5D342B8FAEBB00AA5F40 /* SearchModule */,
			);
			path = Module;
			sourceTree = "<group>";
		};
		E46F5C892B88BBFC00AA5F40 /* StartModule */ = {
			isa = PBXGroup;
			children = (
				E46F5C8A2B88BC1400AA5F40 /* Router */,
				E46F5C8D2B88BFD900AA5F40 /* View */,
				E46F5C922B88C45500AA5F40 /* Presenter */,
				E46F5C952B88C4B600AA5F40 /* Interactor */,
			);
			path = StartModule;
			sourceTree = "<group>";
		};
		E46F5C8A2B88BC1400AA5F40 /* Router */ = {
			isa = PBXGroup;
			children = (
				E46F5C8B2B88BC2300AA5F40 /* StartRouter.swift */,
			);
			path = Router;
			sourceTree = "<group>";
		};
		E46F5C8D2B88BFD900AA5F40 /* View */ = {
			isa = PBXGroup;
			children = (
				E46F5CA62B8A685E00AA5F40 /* StartViewController.swift */,
				E46F5CA72B8A685E00AA5F40 /* StartViewController.xib */,
			);
			path = View;
			sourceTree = "<group>";
		};
		E46F5C922B88C45500AA5F40 /* Presenter */ = {
			isa = PBXGroup;
			children = (
				E46F5C932B88C47100AA5F40 /* StartPresenter.swift */,
				E46F5CD22B8B292100AA5F40 /* StartPresenter+StartPresenterDelegateProtocol.swift */,
			);
			path = Presenter;
			sourceTree = "<group>";
		};
		E46F5C952B88C4B600AA5F40 /* Interactor */ = {
			isa = PBXGroup;
			children = (
				E46F5C962B88C4D100AA5F40 /* StartInteractor.swift */,
			);
			path = Interactor;
			sourceTree = "<group>";
		};
		E46F5C982B88D32A00AA5F40 /* Services */ = {
			isa = PBXGroup;
			children = (
				E46F5CE32B8B4F6F00AA5F40 /* NetworkService */,
			);
			path = Services;
			sourceTree = "<group>";
		};
		E46F5CAA2B8A693400AA5F40 /* ListModule */ = {
			isa = PBXGroup;
			children = (
				E46F5CAE2B8A695400AA5F40 /* Router */,
				E46F5CAC2B8A694000AA5F40 /* Presenter */,
				E46F5CAB2B8A693B00AA5F40 /* View */,
				E46F5CAD2B8A694700AA5F40 /* IInteractor */,
				E46F5CAF2B8A697600AA5F40 /* Entity */,
			);
			path = ListModule;
			sourceTree = "<group>";
		};
		E46F5CAB2B8A693B00AA5F40 /* View */ = {
			isa = PBXGroup;
			children = (
				E46F5CB22B8A6A2B00AA5F40 /* ListViewController.swift */,
				E46F5CB32B8A6A2B00AA5F40 /* ListViewController.xib */,
				E46F5CC22B8A74D300AA5F40 /* ListViewController+SearchBar.swift */,
				E46F5CBE2B8A744300AA5F40 /* ListViewController+CollectionViewDelegate.swift */,
				E46F5CC02B8A747900AA5F40 /* ListViewController+TableViewDelegate.swift */,
				E46F5D092B8CDE5D00AA5F40 /* ListViewController+AccessibilityIdentifiers.swift */,
				E46F5CE42B8B568D00AA5F40 /* MovieListCell */,
				E46F5D002B8C8F8F00AA5F40 /* MovieBannerCell */,
			);
			path = View;
			sourceTree = "<group>";
		};
		E46F5CAC2B8A694000AA5F40 /* Presenter */ = {
			isa = PBXGroup;
			children = (
				E46F5CBA2B8A708A00AA5F40 /* ListPresenter.swift */,
				E46F5CD42B8B2EEF00AA5F40 /* ListPresenter+ListPresenterDelegateProtocol.swift */,
			);
			path = Presenter;
			sourceTree = "<group>";
		};
		E46F5CAD2B8A694700AA5F40 /* IInteractor */ = {
			isa = PBXGroup;
			children = (
				E46F5CB62B8A700400AA5F40 /* ListInteractor.swift */,
			);
			path = IInteractor;
			sourceTree = "<group>";
		};
		E46F5CAE2B8A695400AA5F40 /* Router */ = {
			isa = PBXGroup;
			children = (
				E46F5CB02B8A69AC00AA5F40 /* ListRouter.swift */,
			);
			path = Router;
			sourceTree = "<group>";
		};
		E46F5CAF2B8A697600AA5F40 /* Entity */ = {
			isa = PBXGroup;
			children = (
				E46F5CB82B8A705400AA5F40 /* ListResponse.swift */,
			);
			path = Entity;
			sourceTree = "<group>";
		};
		E46F5CC52B8A7A6F00AA5F40 /* Resources */ = {
			isa = PBXGroup;
			children = (
				E46F5CC92B8A7F2D00AA5F40 /* WorkItem.swift */,
				E46F5CCA2B8A7F4C00AA5F40 /* LoadingView.swift */,
			);
			path = Resources;
			sourceTree = "<group>";
		};
		E46F5CCF2B8A7FD900AA5F40 /* Extensions */ = {
			isa = PBXGroup;
			children = (
				E46F5CD02B8A7FE700AA5F40 /* UIApplication+.swift */,
				E46F5CF22B8B5DEC00AA5F40 /* String+.swift */,
				E46F5CFC2B8B76EC00AA5F40 /* UITableView+.swift */,
				E46F5D072B8C939E00AA5F40 /* UICollectionView+.swift */,
			);
			path = Extensions;
			sourceTree = "<group>";
		};
		E46F5CE32B8B4F6F00AA5F40 /* NetworkService */ = {
			isa = PBXGroup;
			children = (
				E46F5C992B88D33700AA5F40 /* NetworkService.swift */,
				E46F5CD82B8B3F1300AA5F40 /* MovieService.swift */,
				E46F5CDA2B8B404800AA5F40 /* NetworkApiMethods.swift */,
				E46F5CDE2B8B468000AA5F40 /* Access.swift */,
				E46F5D152B8D134700AA5F40 /* Keys.plist */,
			);
			path = NetworkService;
			sourceTree = "<group>";
		};
		E46F5CE42B8B568D00AA5F40 /* MovieListCell */ = {
			isa = PBXGroup;
			children = (
				E46F5CF02B8B5CFB00AA5F40 /* MovieListTableViewCellPresenter.swift */,
				E46F5CFE2B8C879C00AA5F40 /* MovieListTableViewCell.swift */,
				E46F5CF52B8B6F7400AA5F40 /* MovieListTableViewCell.xib */,
			);
			path = MovieListCell;
			sourceTree = "<group>";
		};
		E46F5D002B8C8F8F00AA5F40 /* MovieBannerCell */ = {
			isa = PBXGroup;
			children = (
				E46F5D052B8C8FFA00AA5F40 /* MovieBannerCollectionViewCellPresenter.swift */,
				E46F5D012B8C8FD900AA5F40 /* MovieBannerCollectionViewCell.swift */,
				E46F5D022B8C8FD900AA5F40 /* MovieBannerCollectionViewCell.xib */,
			);
			path = MovieBannerCell;
			sourceTree = "<group>";
		};
		E46F5D0F2B8D046400AA5F40 /* MovieDetailModule */ = {
			isa = PBXGroup;
			children = (
				E46F5D122B8D049200AA5F40 /* Router */,
				E46F5D102B8D048200AA5F40 /* View */,
				E46F5D142B8D04A700AA5F40 /* Presenter */,
				E46F5D112B8D048800AA5F40 /* Interactor */,
				E46F5D132B8D049D00AA5F40 /* Entity */,
			);
			path = MovieDetailModule;
			sourceTree = "<group>";
		};
		E46F5D102B8D048200AA5F40 /* View */ = {
			isa = PBXGroup;
			children = (
				E46F5D172B8DCE7800AA5F40 /* MovieDetailViewController.swift */,
				E46F5D182B8DCE7800AA5F40 /* MovieDetailViewController.xib */,
				E46F5D272B8DD1EB00AA5F40 /* MovieDetailViewController+CollectionViewDelegate.swift */,
				E46F5D252B8DD17E00AA5F40 /* MovieDetailViewController+AccessibilityIdentifiers.swift */,
				E46F5D292B8DD28800AA5F40 /* SimilarMovieCollectionViewCell */,
			);
			path = View;
			sourceTree = "<group>";
		};
		E46F5D112B8D048800AA5F40 /* Interactor */ = {
			isa = PBXGroup;
			children = (
				E46F5D1D2B8DCED500AA5F40 /* MovieDetailInteractor.swift */,
			);
			path = Interactor;
			sourceTree = "<group>";
		};
		E46F5D122B8D049200AA5F40 /* Router */ = {
			isa = PBXGroup;
			children = (
				E46F5D232B8DCF3900AA5F40 /* MovieDetailRouter.swift */,
			);
			path = Router;
			sourceTree = "<group>";
		};
		E46F5D132B8D049D00AA5F40 /* Entity */ = {
			isa = PBXGroup;
			children = (
				E46F5D1F2B8DCEF800AA5F40 /* MovieDetailResponse.swift */,
				E46F5D212B8DCF1000AA5F40 /* SimilarMovieResponse.swift */,
			);
			path = Entity;
			sourceTree = "<group>";
		};
		E46F5D142B8D04A700AA5F40 /* Presenter */ = {
			isa = PBXGroup;
			children = (
				E46F5D1B2B8DCEB400AA5F40 /* MovieDetailPresenter.swift */,
				E46F5D322B8DDB1000AA5F40 /* MovieDetailPresenter+MovieDetailPresenterDelegateProtocol.swift */,
			);
			path = Presenter;
			sourceTree = "<group>";
		};
		E46F5D292B8DD28800AA5F40 /* SimilarMovieCollectionViewCell */ = {
			isa = PBXGroup;
			children = (
				E46F5D2C2B8DD2FA00AA5F40 /* SimilarMovieCollectionViewCellPresenter.swift */,
				E46F5D2E2B8DD35A00AA5F40 /* SimilarMovieCollectionViewCell.swift */,
				E46F5D2F2B8DD35A00AA5F40 /* SimilarMovieCollectionViewCell.xib */,
			);
			path = SimilarMovieCollectionViewCell;
			sourceTree = "<group>";
		};
		E46F5D342B8FAEBB00AA5F40 /* SearchModule */ = {
			isa = PBXGroup;
			children = (
				E46F5D392B8FAEE900AA5F40 /* Router */,
				E46F5D352B8FAECB00AA5F40 /* View */,
				E46F5D372B8FAED600AA5F40 /* Presenter */,
				E46F5D362B8FAED000AA5F40 /* Interactor */,
				E46F5D382B8FAEDD00AA5F40 /* Entity */,
			);
			path = SearchModule;
			sourceTree = "<group>";
		};
		E46F5D352B8FAECB00AA5F40 /* View */ = {
			isa = PBXGroup;
			children = (
				E46F5D422B8FAFE600AA5F40 /* SearchViewController.swift */,
				E46F5D432B8FAFE600AA5F40 /* SearchViewController.xib */,
				E46F5D512B8FBE0100AA5F40 /* SearchViewController+TableViewDelegate.swift */,
				E46F5D4F2B8FB91200AA5F40 /* SearchViewController+AccessibilityIdentifiers.swift */,
				E46F5D462B8FB00100AA5F40 /* SearchTableViewCell */,
			);
			path = View;
			sourceTree = "<group>";
		};
		E46F5D362B8FAED000AA5F40 /* Interactor */ = {
			isa = PBXGroup;
			children = (
				E46F5D3E2B8FAF9900AA5F40 /* SearchInteractor.swift */,
			);
			path = Interactor;
			sourceTree = "<group>";
		};
		E46F5D372B8FAED600AA5F40 /* Presenter */ = {
			isa = PBXGroup;
			children = (
				E46F5D3C2B8FAF7400AA5F40 /* SearchPresenter.swift */,
			);
			path = Presenter;
			sourceTree = "<group>";
		};
		E46F5D382B8FAEDD00AA5F40 /* Entity */ = {
			isa = PBXGroup;
			children = (
				E46F5D402B8FAFBD00AA5F40 /* SearchResponse.swift */,
			);
			path = Entity;
			sourceTree = "<group>";
		};
		E46F5D392B8FAEE900AA5F40 /* Router */ = {
			isa = PBXGroup;
			children = (
				E46F5D3A2B8FAF3400AA5F40 /* SearchRouter.swift */,
			);
			path = Router;
			sourceTree = "<group>";
		};
		E46F5D462B8FB00100AA5F40 /* SearchTableViewCell */ = {
			isa = PBXGroup;
			children = (
				E46F5D472B8FB02400AA5F40 /* SearchTableViewCell.swift */,
				E46F5D482B8FB02400AA5F40 /* SearchTableViewCell.xib */,
				E46F5D4B2B8FB03D00AA5F40 /* SearchTableViewCellPresenter.swift */,
				E46F5D4D2B8FB0CA00AA5F40 /* SearchTableViewCell+AccessabilityIdentifiers.swift */,
			);
			path = SearchTableViewCell;
			sourceTree = "<group>";
		};
/* End PBXGroup section */

/* Begin PBXNativeTarget section */
		E46F5C702B88B97500AA5F40 /* Cinepedia24 */ = {
			isa = PBXNativeTarget;
			buildConfigurationList = E46F5C852B88B97600AA5F40 /* Build configuration list for PBXNativeTarget "Cinepedia24" */;
			buildPhases = (
				E46F5C6D2B88B97500AA5F40 /* Sources */,
				E46F5C6E2B88B97500AA5F40 /* Frameworks */,
				E46F5C6F2B88B97500AA5F40 /* Resources */,
			);
			buildRules = (
			);
			dependencies = (
			);
			name = Cinepedia24;
			packageProductDependencies = (
				E46F5C9C2B88D38300AA5F40 /* Alamofire */,
				E46F5CEC2B8B5C7B00AA5F40 /* SDWebImage */,
				E46F5CEE2B8B5C7B00AA5F40 /* SDWebImageMapKit */,
			);
			productName = Cinepedia24;
			productReference = E46F5C712B88B97500AA5F40 /* Cinepedia24.app */;
			productType = "com.apple.product-type.application";
		};
/* End PBXNativeTarget section */

/* Begin PBXProject section */
		E46F5C692B88B97500AA5F40 /* Project object */ = {
			isa = PBXProject;
			attributes = {
				BuildIndependentTargetsInParallel = 1;
				LastSwiftUpdateCheck = 1500;
				LastUpgradeCheck = 1500;
				TargetAttributes = {
					E46F5C702B88B97500AA5F40 = {
						CreatedOnToolsVersion = 15.0.1;
					};
				};
			};
			buildConfigurationList = E46F5C6C2B88B97500AA5F40 /* Build configuration list for PBXProject "Cinepedia24" */;
			compatibilityVersion = "Xcode 14.0";
			developmentRegion = en;
			hasScannedForEncodings = 0;
			knownRegions = (
				en,
				Base,
			);
			mainGroup = E46F5C682B88B97500AA5F40;
			packageReferences = (
				E46F5C9B2B88D38300AA5F40 /* XCRemoteSwiftPackageReference "Alamofire" */,
				E46F5CEB2B8B5C7B00AA5F40 /* XCRemoteSwiftPackageReference "SDWebImage" */,
			);
			productRefGroup = E46F5C722B88B97500AA5F40 /* Products */;
			projectDirPath = "";
			projectRoot = "";
			targets = (
				E46F5C702B88B97500AA5F40 /* Cinepedia24 */,
			);
		};
/* End PBXProject section */

/* Begin PBXResourcesBuildPhase section */
		E46F5C6F2B88B97500AA5F40 /* Resources */ = {
			isa = PBXResourcesBuildPhase;
			buildActionMask = 2147483647;
			files = (
				E46F5D1A2B8DCE7800AA5F40 /* MovieDetailViewController.xib in Resources */,
				E46F5CF72B8B6F7400AA5F40 /* MovieListTableViewCell.xib in Resources */,
				E46F5C812B88B97600AA5F40 /* LaunchScreen.storyboard in Resources */,
				E46F5C7E2B88B97600AA5F40 /* Assets.xcassets in Resources */,
				E46F5CB52B8A6A2B00AA5F40 /* ListViewController.xib in Resources */,
				E46F5D4A2B8FB02400AA5F40 /* SearchTableViewCell.xib in Resources */,
				E46F5D162B8D134700AA5F40 /* Keys.plist in Resources */,
				E46F5CA92B8A685E00AA5F40 /* StartViewController.xib in Resources */,
				E46F5D042B8C8FD900AA5F40 /* MovieBannerCollectionViewCell.xib in Resources */,
				E46F5D452B8FAFE600AA5F40 /* SearchViewController.xib in Resources */,
				E46F5D312B8DD35A00AA5F40 /* SimilarMovieCollectionViewCell.xib in Resources */,
			);
			runOnlyForDeploymentPostprocessing = 0;
		};
/* End PBXResourcesBuildPhase section */

/* Begin PBXSourcesBuildPhase section */
		E46F5C6D2B88B97500AA5F40 /* Sources */ = {
			isa = PBXSourcesBuildPhase;
			buildActionMask = 2147483647;
			files = (
				E46F5CB92B8A705400AA5F40 /* ListResponse.swift in Sources */,
				E46F5D222B8DCF1000AA5F40 /* SimilarMovieResponse.swift in Sources */,
				E46F5D4E2B8FB0CA00AA5F40 /* SearchTableViewCell+AccessabilityIdentifiers.swift in Sources */,
				E46F5CB12B8A69AC00AA5F40 /* ListRouter.swift in Sources */,
				E46F5CC32B8A74D300AA5F40 /* ListViewController+SearchBar.swift in Sources */,
				E46F5C792B88B97500AA5F40 /* ViewController.swift in Sources */,
				E46F5D282B8DD1EB00AA5F40 /* MovieDetailViewController+CollectionViewDelegate.swift in Sources */,
				E46F5CA82B8A685E00AA5F40 /* StartViewController.swift in Sources */,
				E46F5CBF2B8A744300AA5F40 /* ListViewController+CollectionViewDelegate.swift in Sources */,
				E46F5D442B8FAFE600AA5F40 /* SearchViewController.swift in Sources */,
				E46F5C9A2B88D33700AA5F40 /* NetworkService.swift in Sources */,
				E46F5C752B88B97500AA5F40 /* AppDelegate.swift in Sources */,
				E46F5C972B88C4D100AA5F40 /* StartInteractor.swift in Sources */,
				E46F5D332B8DDB1000AA5F40 /* MovieDetailPresenter+MovieDetailPresenterDelegateProtocol.swift in Sources */,
				E46F5C772B88B97500AA5F40 /* SceneDelegate.swift in Sources */,
				E46F5CF32B8B5DEC00AA5F40 /* String+.swift in Sources */,
				E46F5D262B8DD17E00AA5F40 /* MovieDetailViewController+AccessibilityIdentifiers.swift in Sources */,
				E46F5D3B2B8FAF3400AA5F40 /* SearchRouter.swift in Sources */,
				E46F5D502B8FB91200AA5F40 /* SearchViewController+AccessibilityIdentifiers.swift in Sources */,
				E46F5CFF2B8C879C00AA5F40 /* MovieListTableViewCell.swift in Sources */,
				E46F5D192B8DCE7800AA5F40 /* MovieDetailViewController.swift in Sources */,
				E46F5CD92B8B3F1300AA5F40 /* MovieService.swift in Sources */,
				E46F5CFD2B8B76EC00AA5F40 /* UITableView+.swift in Sources */,
				E46F5D202B8DCEF800AA5F40 /* MovieDetailResponse.swift in Sources */,
				E46F5D2D2B8DD2FA00AA5F40 /* SimilarMovieCollectionViewCellPresenter.swift in Sources */,
				E46F5D3D2B8FAF7400AA5F40 /* SearchPresenter.swift in Sources */,
				E46F5C8C2B88BC2300AA5F40 /* StartRouter.swift in Sources */,
				E46F5CDF2B8B468000AA5F40 /* Access.swift in Sources */,
				E46F5CB72B8A700400AA5F40 /* ListInteractor.swift in Sources */,
				E46F5D1C2B8DCEB400AA5F40 /* MovieDetailPresenter.swift in Sources */,
				E46F5CBB2B8A708A00AA5F40 /* ListPresenter.swift in Sources */,
				E46F5D0A2B8CDE5D00AA5F40 /* ListViewController+AccessibilityIdentifiers.swift in Sources */,
				E46F5D302B8DD35A00AA5F40 /* SimilarMovieCollectionViewCell.swift in Sources */,
				E46F5CD32B8B292100AA5F40 /* StartPresenter+StartPresenterDelegateProtocol.swift in Sources */,
				E46F5CD12B8A7FE700AA5F40 /* UIApplication+.swift in Sources */,
				E46F5CDB2B8B404800AA5F40 /* NetworkApiMethods.swift in Sources */,
				E46F5D1E2B8DCED500AA5F40 /* MovieDetailInteractor.swift in Sources */,
				E46F5D242B8DCF3900AA5F40 /* MovieDetailRouter.swift in Sources */,
				E46F5CB42B8A6A2B00AA5F40 /* ListViewController.swift in Sources */,
				E46F5D062B8C8FFA00AA5F40 /* MovieBannerCollectionViewCellPresenter.swift in Sources */,
				E46F5CC12B8A747900AA5F40 /* ListViewController+TableViewDelegate.swift in Sources */,
				E46F5CD52B8B2EEF00AA5F40 /* ListPresenter+ListPresenterDelegateProtocol.swift in Sources */,
				E46F5D4C2B8FB03D00AA5F40 /* SearchTableViewCellPresenter.swift in Sources */,
				E46F5D3F2B8FAF9900AA5F40 /* SearchInteractor.swift in Sources */,
				E46F5D032B8C8FD900AA5F40 /* MovieBannerCollectionViewCell.swift in Sources */,
				E46F5CF12B8B5CFB00AA5F40 /* MovieListTableViewCellPresenter.swift in Sources */,
				E46F5D082B8C939E00AA5F40 /* UICollectionView+.swift in Sources */,
				E46F5C942B88C47100AA5F40 /* StartPresenter.swift in Sources */,
				E46F5D492B8FB02400AA5F40 /* SearchTableViewCell.swift in Sources */,
				E46F5D522B8FBE0100AA5F40 /* SearchViewController+TableViewDelegate.swift in Sources */,
				E46F5D412B8FAFBD00AA5F40 /* SearchResponse.swift in Sources */,
				E46F5CCB2B8A7F4C00AA5F40 /* LoadingView.swift in Sources */,
			);
			runOnlyForDeploymentPostprocessing = 0;
		};
/* End PBXSourcesBuildPhase section */

/* Begin PBXVariantGroup section */
		E46F5C7F2B88B97600AA5F40 /* LaunchScreen.storyboard */ = {
			isa = PBXVariantGroup;
			children = (
				E46F5C802B88B97600AA5F40 /* Base */,
			);
			name = LaunchScreen.storyboard;
			sourceTree = "<group>";
		};
/* End PBXVariantGroup section */

/* Begin XCBuildConfiguration section */
		E46F5C832B88B97600AA5F40 /* Debug */ = {
			isa = XCBuildConfiguration;
			buildSettings = {
				ALWAYS_SEARCH_USER_PATHS = NO;
				ASSETCATALOG_COMPILER_GENERATE_SWIFT_ASSET_SYMBOL_EXTENSIONS = YES;
				CLANG_ANALYZER_NONNULL = YES;
				CLANG_ANALYZER_NUMBER_OBJECT_CONVERSION = YES_AGGRESSIVE;
				CLANG_CXX_LANGUAGE_STANDARD = "gnu++20";
				CLANG_ENABLE_MODULES = YES;
				CLANG_ENABLE_OBJC_ARC = YES;
				CLANG_ENABLE_OBJC_WEAK = YES;
				CLANG_WARN_BLOCK_CAPTURE_AUTORELEASING = YES;
				CLANG_WARN_BOOL_CONVERSION = YES;
				CLANG_WARN_COMMA = YES;
				CLANG_WARN_CONSTANT_CONVERSION = YES;
				CLANG_WARN_DEPRECATED_OBJC_IMPLEMENTATIONS = YES;
				CLANG_WARN_DIRECT_OBJC_ISA_USAGE = YES_ERROR;
				CLANG_WARN_DOCUMENTATION_COMMENTS = YES;
				CLANG_WARN_EMPTY_BODY = YES;
				CLANG_WARN_ENUM_CONVERSION = YES;
				CLANG_WARN_INFINITE_RECURSION = YES;
				CLANG_WARN_INT_CONVERSION = YES;
				CLANG_WARN_NON_LITERAL_NULL_CONVERSION = YES;
				CLANG_WARN_OBJC_IMPLICIT_RETAIN_SELF = YES;
				CLANG_WARN_OBJC_LITERAL_CONVERSION = YES;
				CLANG_WARN_OBJC_ROOT_CLASS = YES_ERROR;
				CLANG_WARN_QUOTED_INCLUDE_IN_FRAMEWORK_HEADER = YES;
				CLANG_WARN_RANGE_LOOP_ANALYSIS = YES;
				CLANG_WARN_STRICT_PROTOTYPES = YES;
				CLANG_WARN_SUSPICIOUS_MOVE = YES;
				CLANG_WARN_UNGUARDED_AVAILABILITY = YES_AGGRESSIVE;
				CLANG_WARN_UNREACHABLE_CODE = YES;
				CLANG_WARN__DUPLICATE_METHOD_MATCH = YES;
				COPY_PHASE_STRIP = NO;
				DEBUG_INFORMATION_FORMAT = dwarf;
				ENABLE_STRICT_OBJC_MSGSEND = YES;
				ENABLE_TESTABILITY = YES;
				ENABLE_USER_SCRIPT_SANDBOXING = YES;
				GCC_C_LANGUAGE_STANDARD = gnu17;
				GCC_DYNAMIC_NO_PIC = NO;
				GCC_NO_COMMON_BLOCKS = YES;
				GCC_OPTIMIZATION_LEVEL = 0;
				GCC_PREPROCESSOR_DEFINITIONS = (
					"DEBUG=1",
					"$(inherited)",
				);
				GCC_WARN_64_TO_32_BIT_CONVERSION = YES;
				GCC_WARN_ABOUT_RETURN_TYPE = YES_ERROR;
				GCC_WARN_UNDECLARED_SELECTOR = YES;
				GCC_WARN_UNINITIALIZED_AUTOS = YES_AGGRESSIVE;
				GCC_WARN_UNUSED_FUNCTION = YES;
				GCC_WARN_UNUSED_VARIABLE = YES;
				IPHONEOS_DEPLOYMENT_TARGET = 15.0;
				LOCALIZATION_PREFERS_STRING_CATALOGS = YES;
				MTL_ENABLE_DEBUG_INFO = INCLUDE_SOURCE;
				MTL_FAST_MATH = YES;
				ONLY_ACTIVE_ARCH = YES;
				SDKROOT = iphoneos;
				SWIFT_ACTIVE_COMPILATION_CONDITIONS = "DEBUG $(inherited)";
				SWIFT_OPTIMIZATION_LEVEL = "-Onone";
			};
			name = Debug;
		};
		E46F5C842B88B97600AA5F40 /* Release */ = {
			isa = XCBuildConfiguration;
			buildSettings = {
				ALWAYS_SEARCH_USER_PATHS = NO;
				ASSETCATALOG_COMPILER_GENERATE_SWIFT_ASSET_SYMBOL_EXTENSIONS = YES;
				CLANG_ANALYZER_NONNULL = YES;
				CLANG_ANALYZER_NUMBER_OBJECT_CONVERSION = YES_AGGRESSIVE;
				CLANG_CXX_LANGUAGE_STANDARD = "gnu++20";
				CLANG_ENABLE_MODULES = YES;
				CLANG_ENABLE_OBJC_ARC = YES;
				CLANG_ENABLE_OBJC_WEAK = YES;
				CLANG_WARN_BLOCK_CAPTURE_AUTORELEASING = YES;
				CLANG_WARN_BOOL_CONVERSION = YES;
				CLANG_WARN_COMMA = YES;
				CLANG_WARN_CONSTANT_CONVERSION = YES;
				CLANG_WARN_DEPRECATED_OBJC_IMPLEMENTATIONS = YES;
				CLANG_WARN_DIRECT_OBJC_ISA_USAGE = YES_ERROR;
				CLANG_WARN_DOCUMENTATION_COMMENTS = YES;
				CLANG_WARN_EMPTY_BODY = YES;
				CLANG_WARN_ENUM_CONVERSION = YES;
				CLANG_WARN_INFINITE_RECURSION = YES;
				CLANG_WARN_INT_CONVERSION = YES;
				CLANG_WARN_NON_LITERAL_NULL_CONVERSION = YES;
				CLANG_WARN_OBJC_IMPLICIT_RETAIN_SELF = YES;
				CLANG_WARN_OBJC_LITERAL_CONVERSION = YES;
				CLANG_WARN_OBJC_ROOT_CLASS = YES_ERROR;
				CLANG_WARN_QUOTED_INCLUDE_IN_FRAMEWORK_HEADER = YES;
				CLANG_WARN_RANGE_LOOP_ANALYSIS = YES;
				CLANG_WARN_STRICT_PROTOTYPES = YES;
				CLANG_WARN_SUSPICIOUS_MOVE = YES;
				CLANG_WARN_UNGUARDED_AVAILABILITY = YES_AGGRESSIVE;
				CLANG_WARN_UNREACHABLE_CODE = YES;
				CLANG_WARN__DUPLICATE_METHOD_MATCH = YES;
				COPY_PHASE_STRIP = NO;
				DEBUG_INFORMATION_FORMAT = "dwarf-with-dsym";
				ENABLE_NS_ASSERTIONS = NO;
				ENABLE_STRICT_OBJC_MSGSEND = YES;
				ENABLE_USER_SCRIPT_SANDBOXING = YES;
				GCC_C_LANGUAGE_STANDARD = gnu17;
				GCC_NO_COMMON_BLOCKS = YES;
				GCC_WARN_64_TO_32_BIT_CONVERSION = YES;
				GCC_WARN_ABOUT_RETURN_TYPE = YES_ERROR;
				GCC_WARN_UNDECLARED_SELECTOR = YES;
				GCC_WARN_UNINITIALIZED_AUTOS = YES_AGGRESSIVE;
				GCC_WARN_UNUSED_FUNCTION = YES;
				GCC_WARN_UNUSED_VARIABLE = YES;
				IPHONEOS_DEPLOYMENT_TARGET = 15.0;
				LOCALIZATION_PREFERS_STRING_CATALOGS = YES;
				MTL_ENABLE_DEBUG_INFO = NO;
				MTL_FAST_MATH = YES;
				SDKROOT = iphoneos;
				SWIFT_COMPILATION_MODE = wholemodule;
				VALIDATE_PRODUCT = YES;
			};
			name = Release;
		};
		E46F5C862B88B97600AA5F40 /* Debug */ = {
			isa = XCBuildConfiguration;
			buildSettings = {
				ASSETCATALOG_COMPILER_APPICON_NAME = AppIcon;
				ASSETCATALOG_COMPILER_GLOBAL_ACCENT_COLOR_NAME = AccentColor;
				CODE_SIGN_STYLE = Automatic;
				CURRENT_PROJECT_VERSION = 1;
				DEVELOPMENT_TEAM = H5JZ2X9AGC;
				GENERATE_INFOPLIST_FILE = YES;
				INFOPLIST_FILE = Cinepedia24/Info.plist;
				INFOPLIST_KEY_UIApplicationSupportsIndirectInputEvents = YES;
				INFOPLIST_KEY_UILaunchStoryboardName = LaunchScreen;
				INFOPLIST_KEY_UISupportedInterfaceOrientations_iPad = "UIInterfaceOrientationPortrait UIInterfaceOrientationPortraitUpsideDown UIInterfaceOrientationLandscapeLeft UIInterfaceOrientationLandscapeRight";
				INFOPLIST_KEY_UISupportedInterfaceOrientations_iPhone = "UIInterfaceOrientationPortrait UIInterfaceOrientationLandscapeLeft UIInterfaceOrientationLandscapeRight";
				LD_RUNPATH_SEARCH_PATHS = (
					"$(inherited)",
					"@executable_path/Frameworks",
				);
				MARKETING_VERSION = 1.0;
				PRODUCT_BUNDLE_IDENTIFIER = com.klykavka.Cinepedia24;
				PRODUCT_NAME = "$(TARGET_NAME)";
				SWIFT_EMIT_LOC_STRINGS = YES;
				SWIFT_VERSION = 5.0;
				TARGETED_DEVICE_FAMILY = "1,2";
			};
			name = Debug;
		};
		E46F5C872B88B97600AA5F40 /* Release */ = {
			isa = XCBuildConfiguration;
			buildSettings = {
				ASSETCATALOG_COMPILER_APPICON_NAME = AppIcon;
				ASSETCATALOG_COMPILER_GLOBAL_ACCENT_COLOR_NAME = AccentColor;
				CODE_SIGN_STYLE = Automatic;
				CURRENT_PROJECT_VERSION = 1;
				DEVELOPMENT_TEAM = H5JZ2X9AGC;
				GENERATE_INFOPLIST_FILE = YES;
				INFOPLIST_FILE = Cinepedia24/Info.plist;
				INFOPLIST_KEY_UIApplicationSupportsIndirectInputEvents = YES;
				INFOPLIST_KEY_UILaunchStoryboardName = LaunchScreen;
				INFOPLIST_KEY_UISupportedInterfaceOrientations_iPad = "UIInterfaceOrientationPortrait UIInterfaceOrientationPortraitUpsideDown UIInterfaceOrientationLandscapeLeft UIInterfaceOrientationLandscapeRight";
				INFOPLIST_KEY_UISupportedInterfaceOrientations_iPhone = "UIInterfaceOrientationPortrait UIInterfaceOrientationLandscapeLeft UIInterfaceOrientationLandscapeRight";
				LD_RUNPATH_SEARCH_PATHS = (
					"$(inherited)",
					"@executable_path/Frameworks",
				);
				MARKETING_VERSION = 1.0;
				PRODUCT_BUNDLE_IDENTIFIER = com.klykavka.Cinepedia24;
				PRODUCT_NAME = "$(TARGET_NAME)";
				SWIFT_EMIT_LOC_STRINGS = YES;
				SWIFT_VERSION = 5.0;
				TARGETED_DEVICE_FAMILY = "1,2";
			};
			name = Release;
		};
/* End XCBuildConfiguration section */

/* Begin XCConfigurationList section */
		E46F5C6C2B88B97500AA5F40 /* Build configuration list for PBXProject "Cinepedia24" */ = {
			isa = XCConfigurationList;
			buildConfigurations = (
				E46F5C832B88B97600AA5F40 /* Debug */,
				E46F5C842B88B97600AA5F40 /* Release */,
			);
			defaultConfigurationIsVisible = 0;
			defaultConfigurationName = Release;
		};
		E46F5C852B88B97600AA5F40 /* Build configuration list for PBXNativeTarget "Cinepedia24" */ = {
			isa = XCConfigurationList;
			buildConfigurations = (
				E46F5C862B88B97600AA5F40 /* Debug */,
				E46F5C872B88B97600AA5F40 /* Release */,
			);
			defaultConfigurationIsVisible = 0;
			defaultConfigurationName = Release;
		};
/* End XCConfigurationList section */

/* Begin XCRemoteSwiftPackageReference section */
		E46F5C9B2B88D38300AA5F40 /* XCRemoteSwiftPackageReference "Alamofire" */ = {
			isa = XCRemoteSwiftPackageReference;
			repositoryURL = "https://github.com/Alamofire/Alamofire.git";
			requirement = {
				kind = upToNextMajorVersion;
				minimumVersion = 5.8.1;
			};
		};
		E46F5CEB2B8B5C7B00AA5F40 /* XCRemoteSwiftPackageReference "SDWebImage" */ = {
			isa = XCRemoteSwiftPackageReference;
			repositoryURL = "https://github.com/SDWebImage/SDWebImage.git";
			requirement = {
				kind = upToNextMajorVersion;
				minimumVersion = 5.19.0;
			};
		};
/* End XCRemoteSwiftPackageReference section */

/* Begin XCSwiftPackageProductDependency section */
		E46F5C9C2B88D38300AA5F40 /* Alamofire */ = {
			isa = XCSwiftPackageProductDependency;
			package = E46F5C9B2B88D38300AA5F40 /* XCRemoteSwiftPackageReference "Alamofire" */;
			productName = Alamofire;
		};
		E46F5CEC2B8B5C7B00AA5F40 /* SDWebImage */ = {
			isa = XCSwiftPackageProductDependency;
			package = E46F5CEB2B8B5C7B00AA5F40 /* XCRemoteSwiftPackageReference "SDWebImage" */;
			productName = SDWebImage;
		};
		E46F5CEE2B8B5C7B00AA5F40 /* SDWebImageMapKit */ = {
			isa = XCSwiftPackageProductDependency;
			package = E46F5CEB2B8B5C7B00AA5F40 /* XCRemoteSwiftPackageReference "SDWebImage" */;
			productName = SDWebImageMapKit;
		};
/* End XCSwiftPackageProductDependency section */
	};
	rootObject = E46F5C692B88B97500AA5F40 /* Project object */;
}
